// !$*UTF8*$!
{
	archiveVersion = 1;
	classes = {
	};
	objectVersion = 56;
	objects = {

/* Begin PBXBuildFile section */
		164A6FC12A2FC1210037BB1F /* AlumnoController.swift in Sources */ = {isa = PBXBuildFile; fileRef = 164A6FC02A2FC1210037BB1F /* AlumnoController.swift */; };
		16A952982A2FC32B0083F0EC /* AlumnoViewModel.swift in Sources */ = {isa = PBXBuildFile; fileRef = 16A952972A2FC32B0083F0EC /* AlumnoViewModel.swift */; };
		16A9529E2A2FC3F70083F0EC /* FormularioAlumnoController.swift in Sources */ = {isa = PBXBuildFile; fileRef = 16A9529D2A2FC3F70083F0EC /* FormularioAlumnoController.swift */; };
		16A952A02A2FC40C0083F0EC /* FormularioMateriaController.swift in Sources */ = {isa = PBXBuildFile; fileRef = 16A9529F2A2FC40C0083F0EC /* FormularioMateriaController.swift */; };
		16A952A32A2FC4600083F0EC /* AlumnoCell.swift in Sources */ = {isa = PBXBuildFile; fileRef = 16A952A12A2FC4600083F0EC /* AlumnoCell.swift */; };
		16A952A42A2FC4600083F0EC /* AlumnoCell.xib in Resources */ = {isa = PBXBuildFile; fileRef = 16A952A22A2FC4600083F0EC /* AlumnoCell.xib */; };
		16A952A72A2FC4760083F0EC /* MateriaCell.swift in Sources */ = {isa = PBXBuildFile; fileRef = 16A952A52A2FC4760083F0EC /* MateriaCell.swift */; };
		16A952A82A2FC4760083F0EC /* MateriaCell.xib in Resources */ = {isa = PBXBuildFile; fileRef = 16A952A62A2FC4760083F0EC /* MateriaCell.xib */; };
		16A952AA2A2FC7880083F0EC /* MateriaViewModel.swift in Sources */ = {isa = PBXBuildFile; fileRef = 16A952A92A2FC7880083F0EC /* MateriaViewModel.swift */; };
		16A952AE2A2FC8220083F0EC /* MateriaController.swift in Sources */ = {isa = PBXBuildFile; fileRef = 16A952AD2A2FC8220083F0EC /* MateriaController.swift */; };
		16A9C6052A2FAFD6003288BB /* AppDelegate.swift in Sources */ = {isa = PBXBuildFile; fileRef = 16A9C6042A2FAFD6003288BB /* AppDelegate.swift */; };
		16A9C6072A2FAFD6003288BB /* SceneDelegate.swift in Sources */ = {isa = PBXBuildFile; fileRef = 16A9C6062A2FAFD6003288BB /* SceneDelegate.swift */; };
		16A9C60C2A2FAFD6003288BB /* Main.storyboard in Resources */ = {isa = PBXBuildFile; fileRef = 16A9C60A2A2FAFD6003288BB /* Main.storyboard */; };
		16A9C60E2A2FAFDA003288BB /* Assets.xcassets in Resources */ = {isa = PBXBuildFile; fileRef = 16A9C60D2A2FAFDA003288BB /* Assets.xcassets */; };
		16A9C6112A2FAFDA003288BB /* LaunchScreen.storyboard in Resources */ = {isa = PBXBuildFile; fileRef = 16A9C60F2A2FAFDA003288BB /* LaunchScreen.storyboard */; };
		16A9C61C2A2FB05E003288BB /* Alumno.swift in Sources */ = {isa = PBXBuildFile; fileRef = 16A9C61B2A2FB05E003288BB /* Alumno.swift */; };
		16A9C61E2A2FB312003288BB /* Result.swift in Sources */ = {isa = PBXBuildFile; fileRef = 16A9C61D2A2FB312003288BB /* Result.swift */; };
		16A9C6202A2FB31B003288BB /* Materia.swift in Sources */ = {isa = PBXBuildFile; fileRef = 16A9C61F2A2FB31B003288BB /* Materia.swift */; };
/* End PBXBuildFile section */

/* Begin PBXFileReference section */
		164A6FC02A2FC1210037BB1F /* AlumnoController.swift */ = {isa = PBXFileReference; lastKnownFileType = sourcecode.swift; path = AlumnoController.swift; sourceTree = "<group>"; };
		16A952972A2FC32B0083F0EC /* AlumnoViewModel.swift */ = {isa = PBXFileReference; lastKnownFileType = sourcecode.swift; path = AlumnoViewModel.swift; sourceTree = "<group>"; };
		16A9529D2A2FC3F70083F0EC /* FormularioAlumnoController.swift */ = {isa = PBXFileReference; lastKnownFileType = sourcecode.swift; path = FormularioAlumnoController.swift; sourceTree = "<group>"; };
		16A9529F2A2FC40C0083F0EC /* FormularioMateriaController.swift */ = {isa = PBXFileReference; lastKnownFileType = sourcecode.swift; path = FormularioMateriaController.swift; sourceTree = "<group>"; };
		16A952A12A2FC4600083F0EC /* AlumnoCell.swift */ = {isa = PBXFileReference; lastKnownFileType = sourcecode.swift; path = AlumnoCell.swift; sourceTree = "<group>"; };
		16A952A22A2FC4600083F0EC /* AlumnoCell.xib */ = {isa = PBXFileReference; lastKnownFileType = file.xib; path = AlumnoCell.xib; sourceTree = "<group>"; };
		16A952A52A2FC4760083F0EC /* MateriaCell.swift */ = {isa = PBXFileReference; lastKnownFileType = sourcecode.swift; path = MateriaCell.swift; sourceTree = "<group>"; };
		16A952A62A2FC4760083F0EC /* MateriaCell.xib */ = {isa = PBXFileReference; lastKnownFileType = file.xib; path = MateriaCell.xib; sourceTree = "<group>"; };
		16A952A92A2FC7880083F0EC /* MateriaViewModel.swift */ = {isa = PBXFileReference; lastKnownFileType = sourcecode.swift; path = MateriaViewModel.swift; sourceTree = "<group>"; };
		16A952AD2A2FC8220083F0EC /* MateriaController.swift */ = {isa = PBXFileReference; lastKnownFileType = sourcecode.swift; path = MateriaController.swift; sourceTree = "<group>"; };
		16A9C6012A2FAFD6003288BB /* JArroyoControlEscolar.app */ = {isa = PBXFileReference; explicitFileType = wrapper.application; includeInIndex = 0; path = JArroyoControlEscolar.app; sourceTree = BUILT_PRODUCTS_DIR; };
		16A9C6042A2FAFD6003288BB /* AppDelegate.swift */ = {isa = PBXFileReference; lastKnownFileType = sourcecode.swift; path = AppDelegate.swift; sourceTree = "<group>"; };
		16A9C6062A2FAFD6003288BB /* SceneDelegate.swift */ = {isa = PBXFileReference; lastKnownFileType = sourcecode.swift; path = SceneDelegate.swift; sourceTree = "<group>"; };
		16A9C60B2A2FAFD6003288BB /* Base */ = {isa = PBXFileReference; lastKnownFileType = file.storyboard; name = Base; path = Base.lproj/Main.storyboard; sourceTree = "<group>"; };
		16A9C60D2A2FAFDA003288BB /* Assets.xcassets */ = {isa = PBXFileReference; lastKnownFileType = folder.assetcatalog; path = Assets.xcassets; sourceTree = "<group>"; };
		16A9C6102A2FAFDA003288BB /* Base */ = {isa = PBXFileReference; lastKnownFileType = file.storyboard; name = Base; path = Base.lproj/LaunchScreen.storyboard; sourceTree = "<group>"; };
		16A9C6122A2FAFDA003288BB /* Info.plist */ = {isa = PBXFileReference; lastKnownFileType = text.plist.xml; path = Info.plist; sourceTree = "<group>"; };
		16A9C61B2A2FB05E003288BB /* Alumno.swift */ = {isa = PBXFileReference; lastKnownFileType = sourcecode.swift; path = Alumno.swift; sourceTree = "<group>"; };
		16A9C61D2A2FB312003288BB /* Result.swift */ = {isa = PBXFileReference; lastKnownFileType = sourcecode.swift; path = Result.swift; sourceTree = "<group>"; };
		16A9C61F2A2FB31B003288BB /* Materia.swift */ = {isa = PBXFileReference; lastKnownFileType = sourcecode.swift; path = Materia.swift; sourceTree = "<group>"; };
/* End PBXFileReference section */

/* Begin PBXFrameworksBuildPhase section */
		16A9C5FE2A2FAFD6003288BB /* Frameworks */ = {
			isa = PBXFrameworksBuildPhase;
			buildActionMask = 2147483647;
			files = (
			);
			runOnlyForDeploymentPostprocessing = 0;
		};
/* End PBXFrameworksBuildPhase section */

/* Begin PBXGroup section */
		164A6FBC2A2FB9550037BB1F /* Alumno */ = {
			isa = PBXGroup;
			children = (
				16A952972A2FC32B0083F0EC /* AlumnoViewModel.swift */,
			);
			path = Alumno;
			sourceTree = "<group>";
		};
		164A6FBD2A2FB95F0037BB1F /* Materia */ = {
			isa = PBXGroup;
			children = (
				16A952A92A2FC7880083F0EC /* MateriaViewModel.swift */,
			);
			path = Materia;
			sourceTree = "<group>";
		};
		16A952AB2A2FC7D20083F0EC /* Alumno */ = {
			isa = PBXGroup;
			children = (
				16A9529D2A2FC3F70083F0EC /* FormularioAlumnoController.swift */,
				164A6FC02A2FC1210037BB1F /* AlumnoController.swift */,
			);
			path = Alumno;
			sourceTree = "<group>";
		};
		16A952AC2A2FC7E00083F0EC /* Materia */ = {
			isa = PBXGroup;
			children = (
				16A9529F2A2FC40C0083F0EC /* FormularioMateriaController.swift */,
				16A952AD2A2FC8220083F0EC /* MateriaController.swift */,
			);
			path = Materia;
			sourceTree = "<group>";
		};
		16A9C5F82A2FAFD6003288BB = {
			isa = PBXGroup;
			children = (
				16A9C6032A2FAFD6003288BB /* JArroyoControlEscolar */,
				16A9C6022A2FAFD6003288BB /* Products */,
			);
			sourceTree = "<group>";
		};
		16A9C6022A2FAFD6003288BB /* Products */ = {
			isa = PBXGroup;
			children = (
				16A9C6012A2FAFD6003288BB /* JArroyoControlEscolar.app */,
			);
			name = Products;
			sourceTree = "<group>";
		};
		16A9C6032A2FAFD6003288BB /* JArroyoControlEscolar */ = {
			isa = PBXGroup;
			children = (
				16A9C6212A2FB57E003288BB /* Controller */,
				16A9C61A2A2FB03C003288BB /* Model */,
				16A9C6192A2FB034003288BB /* ViewModel */,
				16A9C6182A2FB01B003288BB /* View */,
				16A9C6042A2FAFD6003288BB /* AppDelegate.swift */,
				16A9C6062A2FAFD6003288BB /* SceneDelegate.swift */,
				16A9C60D2A2FAFDA003288BB /* Assets.xcassets */,
				16A9C6122A2FAFDA003288BB /* Info.plist */,
			);
			path = JArroyoControlEscolar;
			sourceTree = "<group>";
		};
		16A9C6182A2FB01B003288BB /* View */ = {
			isa = PBXGroup;
			children = (
				16A9C60F2A2FAFDA003288BB /* LaunchScreen.storyboard */,
				16A9C60A2A2FAFD6003288BB /* Main.storyboard */,
				16A952A12A2FC4600083F0EC /* AlumnoCell.swift */,
				16A952A22A2FC4600083F0EC /* AlumnoCell.xib */,
				16A952A52A2FC4760083F0EC /* MateriaCell.swift */,
				16A952A62A2FC4760083F0EC /* MateriaCell.xib */,
			);
			path = View;
			sourceTree = "<group>";
		};
		16A9C6192A2FB034003288BB /* ViewModel */ = {
			isa = PBXGroup;
			children = (
				164A6FBD2A2FB95F0037BB1F /* Materia */,
				164A6FBC2A2FB9550037BB1F /* Alumno */,
			);
			path = ViewModel;
			sourceTree = "<group>";
		};
		16A9C61A2A2FB03C003288BB /* Model */ = {
			isa = PBXGroup;
			children = (
				16A9C61B2A2FB05E003288BB /* Alumno.swift */,
				16A9C61D2A2FB312003288BB /* Result.swift */,
				16A9C61F2A2FB31B003288BB /* Materia.swift */,
			);
			path = Model;
			sourceTree = "<group>";
		};
		16A9C6212A2FB57E003288BB /* Controller */ = {
			isa = PBXGroup;
			children = (
				16A952AC2A2FC7E00083F0EC /* Materia */,
				16A952AB2A2FC7D20083F0EC /* Alumno */,
			);
			path = Controller;
			sourceTree = "<group>";
		};
/* End PBXGroup section */

/* Begin PBXNativeTarget section */
		16A9C6002A2FAFD6003288BB /* JArroyoControlEscolar */ = {
			isa = PBXNativeTarget;
			buildConfigurationList = 16A9C6152A2FAFDA003288BB /* Build configuration list for PBXNativeTarget "JArroyoControlEscolar" */;
			buildPhases = (
				16A9C5FD2A2FAFD6003288BB /* Sources */,
				16A9C5FE2A2FAFD6003288BB /* Frameworks */,
				16A9C5FF2A2FAFD6003288BB /* Resources */,
			);
			buildRules = (
			);
			dependencies = (
			);
			name = JArroyoControlEscolar;
			productName = JArroyoControlEscolar;
			productReference = 16A9C6012A2FAFD6003288BB /* JArroyoControlEscolar.app */;
			productType = "com.apple.product-type.application";
		};
/* End PBXNativeTarget section */

/* Begin PBXProject section */
		16A9C5F92A2FAFD6003288BB /* Project object */ = {
			isa = PBXProject;
			attributes = {
				BuildIndependentTargetsInParallel = 1;
				LastSwiftUpdateCheck = 1410;
				LastUpgradeCheck = 1410;
				TargetAttributes = {
					16A9C6002A2FAFD6003288BB = {
						CreatedOnToolsVersion = 14.1;
					};
				};
			};
			buildConfigurationList = 16A9C5FC2A2FAFD6003288BB /* Build configuration list for PBXProject "JArroyoControlEscolar" */;
			compatibilityVersion = "Xcode 14.0";
			developmentRegion = en;
			hasScannedForEncodings = 0;
			knownRegions = (
				en,
				Base,
			);
			mainGroup = 16A9C5F82A2FAFD6003288BB;
			productRefGroup = 16A9C6022A2FAFD6003288BB /* Products */;
			projectDirPath = "";
			projectRoot = "";
			targets = (
				16A9C6002A2FAFD6003288BB /* JArroyoControlEscolar */,
			);
		};
/* End PBXProject section */

/* Begin PBXResourcesBuildPhase section */
		16A9C5FF2A2FAFD6003288BB /* Resources */ = {
			isa = PBXResourcesBuildPhase;
			buildActionMask = 2147483647;
			files = (
				16A9C6112A2FAFDA003288BB /* LaunchScreen.storyboard in Resources */,
				16A9C60E2A2FAFDA003288BB /* Assets.xcassets in Resources */,
				16A952A82A2FC4760083F0EC /* MateriaCell.xib in Resources */,
				16A9C60C2A2FAFD6003288BB /* Main.storyboard in Resources */,
				16A952A42A2FC4600083F0EC /* AlumnoCell.xib in Resources */,
			);
			runOnlyForDeploymentPostprocessing = 0;
		};
/* End PBXResourcesBuildPhase section */

/* Begin PBXSourcesBuildPhase section */
		16A9C5FD2A2FAFD6003288BB /* Sources */ = {
			isa = PBXSourcesBuildPhase;
			buildActionMask = 2147483647;
			files = (
				16A952AA2A2FC7880083F0EC /* MateriaViewModel.swift in Sources */,
				16A9C61E2A2FB312003288BB /* Result.swift in Sources */,
				16A952982A2FC32B0083F0EC /* AlumnoViewModel.swift in Sources */,
				16A952AE2A2FC8220083F0EC /* MateriaController.swift in Sources */,
				16A9C6052A2FAFD6003288BB /* AppDelegate.swift in Sources */,
				16A952A72A2FC4760083F0EC /* MateriaCell.swift in Sources */,
				16A9C6072A2FAFD6003288BB /* SceneDelegate.swift in Sources */,
				16A952A02A2FC40C0083F0EC /* FormularioMateriaController.swift in Sources */,
				164A6FC12A2FC1210037BB1F /* AlumnoController.swift in Sources */,
				16A9C61C2A2FB05E003288BB /* Alumno.swift in Sources */,
				16A9529E2A2FC3F70083F0EC /* FormularioAlumnoController.swift in Sources */,
				16A9C6202A2FB31B003288BB /* Materia.swift in Sources */,
				16A952A32A2FC4600083F0EC /* AlumnoCell.swift in Sources */,
			);
			runOnlyForDeploymentPostprocessing = 0;
		};
/* End PBXSourcesBuildPhase section */

/* Begin PBXVariantGroup section */
		16A9C60A2A2FAFD6003288BB /* Main.storyboard */ = {
			isa = PBXVariantGroup;
			children = (
				16A9C60B2A2FAFD6003288BB /* Base */,
			);
			name = Main.storyboard;
			sourceTree = "<group>";
		};
		16A9C60F2A2FAFDA003288BB /* LaunchScreen.storyboard */ = {
			isa = PBXVariantGroup;
			children = (
				16A9C6102A2FAFDA003288BB /* Base */,
			);
			name = LaunchScreen.storyboard;
			sourceTree = "<group>";
		};
/* End PBXVariantGroup section */

/* Begin XCBuildConfiguration section */
		16A9C6132A2FAFDA003288BB /* Debug */ = {
			isa = XCBuildConfiguration;
			buildSettings = {
				ALWAYS_SEARCH_USER_PATHS = NO;
				CLANG_ANALYZER_NONNULL = YES;
				CLANG_ANALYZER_NUMBER_OBJECT_CONVERSION = YES_AGGRESSIVE;
				CLANG_CXX_LANGUAGE_STANDARD = "gnu++20";
				CLANG_ENABLE_MODULES = YES;
				CLANG_ENABLE_OBJC_ARC = YES;
				CLANG_ENABLE_OBJC_WEAK = YES;
				CLANG_WARN_BLOCK_CAPTURE_AUTORELEASING = YES;
				CLANG_WARN_BOOL_CONVERSION = YES;
				CLANG_WARN_COMMA = YES;
				CLANG_WARN_CONSTANT_CONVERSION = YES;
				CLANG_WARN_DEPRECATED_OBJC_IMPLEMENTATIONS = YES;
				CLANG_WARN_DIRECT_OBJC_ISA_USAGE = YES_ERROR;
				CLANG_WARN_DOCUMENTATION_COMMENTS = YES;
				CLANG_WARN_EMPTY_BODY = YES;
				CLANG_WARN_ENUM_CONVERSION = YES;
				CLANG_WARN_INFINITE_RECURSION = YES;
				CLANG_WARN_INT_CONVERSION = YES;
				CLANG_WARN_NON_LITERAL_NULL_CONVERSION = YES;
				CLANG_WARN_OBJC_IMPLICIT_RETAIN_SELF = YES;
				CLANG_WARN_OBJC_LITERAL_CONVERSION = YES;
				CLANG_WARN_OBJC_ROOT_CLASS = YES_ERROR;
				CLANG_WARN_QUOTED_INCLUDE_IN_FRAMEWORK_HEADER = YES;
				CLANG_WARN_RANGE_LOOP_ANALYSIS = YES;
				CLANG_WARN_STRICT_PROTOTYPES = YES;
				CLANG_WARN_SUSPICIOUS_MOVE = YES;
				CLANG_WARN_UNGUARDED_AVAILABILITY = YES_AGGRESSIVE;
				CLANG_WARN_UNREACHABLE_CODE = YES;
				CLANG_WARN__DUPLICATE_METHOD_MATCH = YES;
				COPY_PHASE_STRIP = NO;
				DEBUG_INFORMATION_FORMAT = dwarf;
				ENABLE_STRICT_OBJC_MSGSEND = YES;
				ENABLE_TESTABILITY = YES;
				GCC_C_LANGUAGE_STANDARD = gnu11;
				GCC_DYNAMIC_NO_PIC = NO;
				GCC_NO_COMMON_BLOCKS = YES;
				GCC_OPTIMIZATION_LEVEL = 0;
				GCC_PREPROCESSOR_DEFINITIONS = (
					"DEBUG=1",
					"$(inherited)",
				);
				GCC_WARN_64_TO_32_BIT_CONVERSION = YES;
				GCC_WARN_ABOUT_RETURN_TYPE = YES_ERROR;
				GCC_WARN_UNDECLARED_SELECTOR = YES;
				GCC_WARN_UNINITIALIZED_AUTOS = YES_AGGRESSIVE;
				GCC_WARN_UNUSED_FUNCTION = YES;
				GCC_WARN_UNUSED_VARIABLE = YES;
				IPHONEOS_DEPLOYMENT_TARGET = 16.1;
				MTL_ENABLE_DEBUG_INFO = INCLUDE_SOURCE;
				MTL_FAST_MATH = YES;
				ONLY_ACTIVE_ARCH = YES;
				SDKROOT = iphoneos;
				SWIFT_ACTIVE_COMPILATION_CONDITIONS = DEBUG;
				SWIFT_OPTIMIZATION_LEVEL = "-Onone";
			};
			name = Debug;
		};
		16A9C6142A2FAFDA003288BB /* Release */ = {
			isa = XCBuildConfiguration;
			buildSettings = {
				ALWAYS_SEARCH_USER_PATHS = NO;
				CLANG_ANALYZER_NONNULL = YES;
				CLANG_ANALYZER_NUMBER_OBJECT_CONVERSION = YES_AGGRESSIVE;
				CLANG_CXX_LANGUAGE_STANDARD = "gnu++20";
				CLANG_ENABLE_MODULES = YES;
				CLANG_ENABLE_OBJC_ARC = YES;
				CLANG_ENABLE_OBJC_WEAK = YES;
				CLANG_WARN_BLOCK_CAPTURE_AUTORELEASING = YES;
				CLANG_WARN_BOOL_CONVERSION = YES;
				CLANG_WARN_COMMA = YES;
				CLANG_WARN_CONSTANT_CONVERSION = YES;
				CLANG_WARN_DEPRECATED_OBJC_IMPLEMENTATIONS = YES;
				CLANG_WARN_DIRECT_OBJC_ISA_USAGE = YES_ERROR;
				CLANG_WARN_DOCUMENTATION_COMMENTS = YES;
				CLANG_WARN_EMPTY_BODY = YES;
				CLANG_WARN_ENUM_CONVERSION = YES;
				CLANG_WARN_INFINITE_RECURSION = YES;
				CLANG_WARN_INT_CONVERSION = YES;
				CLANG_WARN_NON_LITERAL_NULL_CONVERSION = YES;
				CLANG_WARN_OBJC_IMPLICIT_RETAIN_SELF = YES;
				CLANG_WARN_OBJC_LITERAL_CONVERSION = YES;
				CLANG_WARN_OBJC_ROOT_CLASS = YES_ERROR;
				CLANG_WARN_QUOTED_INCLUDE_IN_FRAMEWORK_HEADER = YES;
				CLANG_WARN_RANGE_LOOP_ANALYSIS = YES;
				CLANG_WARN_STRICT_PROTOTYPES = YES;
				CLANG_WARN_SUSPICIOUS_MOVE = YES;
				CLANG_WARN_UNGUARDED_AVAILABILITY = YES_AGGRESSIVE;
				CLANG_WARN_UNREACHABLE_CODE = YES;
				CLANG_WARN__DUPLICATE_METHOD_MATCH = YES;
				COPY_PHASE_STRIP = NO;
				DEBUG_INFORMATION_FORMAT = "dwarf-with-dsym";
				ENABLE_NS_ASSERTIONS = NO;
				ENABLE_STRICT_OBJC_MSGSEND = YES;
				GCC_C_LANGUAGE_STANDARD = gnu11;
				GCC_NO_COMMON_BLOCKS = YES;
				GCC_WARN_64_TO_32_BIT_CONVERSION = YES;
				GCC_WARN_ABOUT_RETURN_TYPE = YES_ERROR;
				GCC_WARN_UNDECLARED_SELECTOR = YES;
				GCC_WARN_UNINITIALIZED_AUTOS = YES_AGGRESSIVE;
				GCC_WARN_UNUSED_FUNCTION = YES;
				GCC_WARN_UNUSED_VARIABLE = YES;
				IPHONEOS_DEPLOYMENT_TARGET = 16.1;
				MTL_ENABLE_DEBUG_INFO = NO;
				MTL_FAST_MATH = YES;
				SDKROOT = iphoneos;
				SWIFT_COMPILATION_MODE = wholemodule;
				SWIFT_OPTIMIZATION_LEVEL = "-O";
				VALIDATE_PRODUCT = YES;
			};
			name = Release;
		};
		16A9C6162A2FAFDA003288BB /* Debug */ = {
			isa = XCBuildConfiguration;
			buildSettings = {
				ASSETCATALOG_COMPILER_APPICON_NAME = AppIcon;
				ASSETCATALOG_COMPILER_GLOBAL_ACCENT_COLOR_NAME = AccentColor;
				CODE_SIGN_STYLE = Automatic;
				CURRENT_PROJECT_VERSION = 1;
				DEVELOPMENT_TEAM = 768AGU35HV;
				GENERATE_INFOPLIST_FILE = YES;
				INFOPLIST_FILE = JArroyoControlEscolar/Info.plist;
				INFOPLIST_KEY_UIApplicationSupportsIndirectInputEvents = YES;
				INFOPLIST_KEY_UILaunchStoryboardName = LaunchScreen;
				INFOPLIST_KEY_UIMainStoryboardFile = Main;
				INFOPLIST_KEY_UISupportedInterfaceOrientations_iPad = "UIInterfaceOrientationPortrait UIInterfaceOrientationPortraitUpsideDown UIInterfaceOrientationLandscapeLeft UIInterfaceOrientationLandscapeRight";
				INFOPLIST_KEY_UISupportedInterfaceOrientations_iPhone = "UIInterfaceOrientationPortrait UIInterfaceOrientationLandscapeLeft UIInterfaceOrientationLandscapeRight";
				LD_RUNPATH_SEARCH_PATHS = (
					"$(inherited)",
					"@executable_path/Frameworks",
				);
				MARKETING_VERSION = 1.0;
				PRODUCT_BUNDLE_IDENTIFIER = com.digis.JArroyoControlEscolar;
				PRODUCT_NAME = "$(TARGET_NAME)";
				SWIFT_EMIT_LOC_STRINGS = YES;
				SWIFT_VERSION = 5.0;
				TARGETED_DEVICE_FAMILY = "1,2";
			};
			name = Debug;
		};
		16A9C6172A2FAFDA003288BB /* Release */ = {
			isa = XCBuildConfiguration;
			buildSettings = {
				ASSETCATALOG_COMPILER_APPICON_NAME = AppIcon;
				ASSETCATALOG_COMPILER_GLOBAL_ACCENT_COLOR_NAME = AccentColor;
				CODE_SIGN_STYLE = Automatic;
				CURRENT_PROJECT_VERSION = 1;
				DEVELOPMENT_TEAM = 768AGU35HV;
				GENERATE_INFOPLIST_FILE = YES;
				INFOPLIST_FILE = JArroyoControlEscolar/Info.plist;
				INFOPLIST_KEY_UIApplicationSupportsIndirectInputEvents = YES;
				INFOPLIST_KEY_UILaunchStoryboardName = LaunchScreen;
				INFOPLIST_KEY_UIMainStoryboardFile = Main;
				INFOPLIST_KEY_UISupportedInterfaceOrientations_iPad = "UIInterfaceOrientationPortrait UIInterfaceOrientationPortraitUpsideDown UIInterfaceOrientationLandscapeLeft UIInterfaceOrientationLandscapeRight";
				INFOPLIST_KEY_UISupportedInterfaceOrientations_iPhone = "UIInterfaceOrientationPortrait UIInterfaceOrientationLandscapeLeft UIInterfaceOrientationLandscapeRight";
				LD_RUNPATH_SEARCH_PATHS = (
					"$(inherited)",
					"@executable_path/Frameworks",
				);
				MARKETING_VERSION = 1.0;
				PRODUCT_BUNDLE_IDENTIFIER = com.digis.JArroyoControlEscolar;
				PRODUCT_NAME = "$(TARGET_NAME)";
				SWIFT_EMIT_LOC_STRINGS = YES;
				SWIFT_VERSION = 5.0;
				TARGETED_DEVICE_FAMILY = "1,2";
			};
			name = Release;
		};
/* End XCBuildConfiguration section */

/* Begin XCConfigurationList section */
		16A9C5FC2A2FAFD6003288BB /* Build configuration list for PBXProject "JArroyoControlEscolar" */ = {
			isa = XCConfigurationList;
			buildConfigurations = (
				16A9C6132A2FAFDA003288BB /* Debug */,
				16A9C6142A2FAFDA003288BB /* Release */,
			);
			defaultConfigurationIsVisible = 0;
			defaultConfigurationName = Release;
		};
		16A9C6152A2FAFDA003288BB /* Build configuration list for PBXNativeTarget "JArroyoControlEscolar" */ = {
			isa = XCConfigurationList;
			buildConfigurations = (
				16A9C6162A2FAFDA003288BB /* Debug */,
				16A9C6172A2FAFDA003288BB /* Release */,
			);
			defaultConfigurationIsVisible = 0;
			defaultConfigurationName = Release;
		};
/* End XCConfigurationList section */
	};
	rootObject = 16A9C5F92A2FAFD6003288BB /* Project object */;
}
